// !$*UTF8*$!
{
	archiveVersion = 1;
	classes = {
	};
	objectVersion = 56;
	objects = {

/* Begin PBXBuildFile section */
		0DD294C12C554C1A0050926E /* AppDelegate.swift in Sources */ = {isa = PBXBuildFile; fileRef = 0DD294C02C554C1A0050926E /* AppDelegate.swift */; };
		0DD294C32C554C1A0050926E /* SceneDelegate.swift in Sources */ = {isa = PBXBuildFile; fileRef = 0DD294C22C554C1A0050926E /* SceneDelegate.swift */; };
		0DD294C52C554C1A0050926E /* ViewController.swift in Sources */ = {isa = PBXBuildFile; fileRef = 0DD294C42C554C1A0050926E /* ViewController.swift */; };
		0DD294C82C554C1A0050926E /* Main.storyboard in Resources */ = {isa = PBXBuildFile; fileRef = 0DD294C62C554C1A0050926E /* Main.storyboard */; };
		0DD294CA2C554C1B0050926E /* Assets.xcassets in Resources */ = {isa = PBXBuildFile; fileRef = 0DD294C92C554C1B0050926E /* Assets.xcassets */; };
		0DD294CD2C554C1B0050926E /* LaunchScreen.storyboard in Resources */ = {isa = PBXBuildFile; fileRef = 0DD294CB2C554C1B0050926E /* LaunchScreen.storyboard */; };
		0DD294D82C5551A10050926E /* VideoManager.swift in Sources */ = {isa = PBXBuildFile; fileRef = 0DD294D72C5551A10050926E /* VideoManager.swift */; };
		0DD294DA2C55573E0050926E /* VideoModel.swift in Sources */ = {isa = PBXBuildFile; fileRef = 0DD294D92C55573E0050926E /* VideoModel.swift */; };
		0DD294E02C55B13B0050926E /* NestedTableViewCell.swift in Sources */ = {isa = PBXBuildFile; fileRef = 0DD294DF2C55B13B0050926E /* NestedTableViewCell.swift */; };
		0DD294E32C55C5CF0050926E /* MyCollectionViewCell.swift in Sources */ = {isa = PBXBuildFile; fileRef = 0DD294E12C55C5CF0050926E /* MyCollectionViewCell.swift */; };
		0DD294E42C55C5CF0050926E /* MyCollectionViewCell.xib in Resources */ = {isa = PBXBuildFile; fileRef = 0DD294E22C55C5CF0050926E /* MyCollectionViewCell.xib */; };
		0DD294E62C5638530050926E /* NestedTableViewCellWithCollection.swift in Sources */ = {isa = PBXBuildFile; fileRef = 0DD294E52C5638530050926E /* NestedTableViewCellWithCollection.swift */; };
		0DD294E82C5799330050926E /* RoundedView.swift in Sources */ = {isa = PBXBuildFile; fileRef = 0DD294E72C5799330050926E /* RoundedView.swift */; };
/* End PBXBuildFile section */

/* Begin PBXFileReference section */
		0DD294BD2C554C1A0050926E /* Qarva.app */ = {isa = PBXFileReference; explicitFileType = wrapper.application; includeInIndex = 0; path = Qarva.app; sourceTree = BUILT_PRODUCTS_DIR; };
		0DD294C02C554C1A0050926E /* AppDelegate.swift */ = {isa = PBXFileReference; lastKnownFileType = sourcecode.swift; path = AppDelegate.swift; sourceTree = "<group>"; };
		0DD294C22C554C1A0050926E /* SceneDelegate.swift */ = {isa = PBXFileReference; lastKnownFileType = sourcecode.swift; path = SceneDelegate.swift; sourceTree = "<group>"; };
		0DD294C42C554C1A0050926E /* ViewController.swift */ = {isa = PBXFileReference; lastKnownFileType = sourcecode.swift; path = ViewController.swift; sourceTree = "<group>"; };
		0DD294C72C554C1A0050926E /* Base */ = {isa = PBXFileReference; lastKnownFileType = file.storyboard; name = Base; path = Base.lproj/Main.storyboard; sourceTree = "<group>"; };
		0DD294C92C554C1B0050926E /* Assets.xcassets */ = {isa = PBXFileReference; lastKnownFileType = folder.assetcatalog; path = Assets.xcassets; sourceTree = "<group>"; };
		0DD294CC2C554C1B0050926E /* Base */ = {isa = PBXFileReference; lastKnownFileType = file.storyboard; name = Base; path = Base.lproj/LaunchScreen.storyboard; sourceTree = "<group>"; };
		0DD294CE2C554C1B0050926E /* Info.plist */ = {isa = PBXFileReference; lastKnownFileType = text.plist.xml; path = Info.plist; sourceTree = "<group>"; };
		0DD294D72C5551A10050926E /* VideoManager.swift */ = {isa = PBXFileReference; lastKnownFileType = sourcecode.swift; path = VideoManager.swift; sourceTree = "<group>"; };
		0DD294D92C55573E0050926E /* VideoModel.swift */ = {isa = PBXFileReference; lastKnownFileType = sourcecode.swift; path = VideoModel.swift; sourceTree = "<group>"; };
		0DD294DF2C55B13B0050926E /* NestedTableViewCell.swift */ = {isa = PBXFileReference; lastKnownFileType = sourcecode.swift; path = NestedTableViewCell.swift; sourceTree = "<group>"; };
		0DD294E12C55C5CF0050926E /* MyCollectionViewCell.swift */ = {isa = PBXFileReference; lastKnownFileType = sourcecode.swift; path = MyCollectionViewCell.swift; sourceTree = "<group>"; };
		0DD294E22C55C5CF0050926E /* MyCollectionViewCell.xib */ = {isa = PBXFileReference; lastKnownFileType = file.xib; path = MyCollectionViewCell.xib; sourceTree = "<group>"; };
		0DD294E52C5638530050926E /* NestedTableViewCellWithCollection.swift */ = {isa = PBXFileReference; lastKnownFileType = sourcecode.swift; path = NestedTableViewCellWithCollection.swift; sourceTree = "<group>"; };
		0DD294E72C5799330050926E /* RoundedView.swift */ = {isa = PBXFileReference; lastKnownFileType = sourcecode.swift; path = RoundedView.swift; sourceTree = "<group>"; };
/* End PBXFileReference section */

/* Begin PBXFrameworksBuildPhase section */
		0DD294BA2C554C1A0050926E /* Frameworks */ = {
			isa = PBXFrameworksBuildPhase;
			buildActionMask = 2147483647;
			files = (
			);
			runOnlyForDeploymentPostprocessing = 0;
		};
/* End PBXFrameworksBuildPhase section */

/* Begin PBXGroup section */
		0DD294B42C554C1A0050926E = {
			isa = PBXGroup;
			children = (
				0DD294BF2C554C1A0050926E /* Qarva */,
				0DD294BE2C554C1A0050926E /* Products */,
			);
			sourceTree = "<group>";
		};
		0DD294BE2C554C1A0050926E /* Products */ = {
			isa = PBXGroup;
			children = (
				0DD294BD2C554C1A0050926E /* Qarva.app */,
			);
			name = Products;
			sourceTree = "<group>";
		};
		0DD294BF2C554C1A0050926E /* Qarva */ = {
			isa = PBXGroup;
			children = (
				0DD294D52C554C760050926E /* Model */,
				0DD294D42C554C650050926E /* View */,
				0DD294D62C554C870050926E /* Controller */,
				0DD294C02C554C1A0050926E /* AppDelegate.swift */,
				0DD294C22C554C1A0050926E /* SceneDelegate.swift */,
				0DD294C92C554C1B0050926E /* Assets.xcassets */,
				0DD294CB2C554C1B0050926E /* LaunchScreen.storyboard */,
				0DD294CE2C554C1B0050926E /* Info.plist */,
				0DD294E12C55C5CF0050926E /* MyCollectionViewCell.swift */,
				0DD294E22C55C5CF0050926E /* MyCollectionViewCell.xib */,
			);
			path = Qarva;
			sourceTree = "<group>";
		};
		0DD294D42C554C650050926E /* View */ = {
			isa = PBXGroup;
			children = (
				0DD294C62C554C1A0050926E /* Main.storyboard */,
				0DD294E72C5799330050926E /* RoundedView.swift */,
			);
			path = View;
			sourceTree = "<group>";
		};
		0DD294D52C554C760050926E /* Model */ = {
			isa = PBXGroup;
			children = (
				0DD294D72C5551A10050926E /* VideoManager.swift */,
				0DD294D92C55573E0050926E /* VideoModel.swift */,
			);
			path = Model;
			sourceTree = "<group>";
		};
		0DD294D62C554C870050926E /* Controller */ = {
			isa = PBXGroup;
			children = (
				0DD294C42C554C1A0050926E /* ViewController.swift */,
				0DD294DF2C55B13B0050926E /* NestedTableViewCell.swift */,
				0DD294E52C5638530050926E /* NestedTableViewCellWithCollection.swift */,
			);
			path = Controller;
			sourceTree = "<group>";
		};
/* End PBXGroup section */

/* Begin PBXNativeTarget section */
		0DD294BC2C554C1A0050926E /* Qarva */ = {
			isa = PBXNativeTarget;
			buildConfigurationList = 0DD294D12C554C1B0050926E /* Build configuration list for PBXNativeTarget "Qarva" */;
			buildPhases = (
				0DD294B92C554C1A0050926E /* Sources */,
				0DD294BA2C554C1A0050926E /* Frameworks */,
				0DD294BB2C554C1A0050926E /* Resources */,
			);
			buildRules = (
			);
			dependencies = (
			);
			name = Qarva;
			productName = Qarva;
			productReference = 0DD294BD2C554C1A0050926E /* Qarva.app */;
			productType = "com.apple.product-type.application";
		};
/* End PBXNativeTarget section */

/* Begin PBXProject section */
		0DD294B52C554C1A0050926E /* Project object */ = {
			isa = PBXProject;
			attributes = {
				BuildIndependentTargetsInParallel = 1;
				LastSwiftUpdateCheck = 1520;
				LastUpgradeCheck = 1520;
				TargetAttributes = {
					0DD294BC2C554C1A0050926E = {
						CreatedOnToolsVersion = 15.2;
					};
				};
			};
			buildConfigurationList = 0DD294B82C554C1A0050926E /* Build configuration list for PBXProject "Qarva" */;
			compatibilityVersion = "Xcode 14.0";
			developmentRegion = en;
			hasScannedForEncodings = 0;
			knownRegions = (
				en,
				Base,
			);
			mainGroup = 0DD294B42C554C1A0050926E;
			productRefGroup = 0DD294BE2C554C1A0050926E /* Products */;
			projectDirPath = "";
			projectRoot = "";
			targets = (
				0DD294BC2C554C1A0050926E /* Qarva */,
			);
		};
/* End PBXProject section */

/* Begin PBXResourcesBuildPhase section */
		0DD294BB2C554C1A0050926E /* Resources */ = {
			isa = PBXResourcesBuildPhase;
			buildActionMask = 2147483647;
			files = (
				0DD294CD2C554C1B0050926E /* LaunchScreen.storyboard in Resources */,
				0DD294CA2C554C1B0050926E /* Assets.xcassets in Resources */,
				0DD294E42C55C5CF0050926E /* MyCollectionViewCell.xib in Resources */,
				0DD294C82C554C1A0050926E /* Main.storyboard in Resources */,
			);
			runOnlyForDeploymentPostprocessing = 0;
		};
/* End PBXResourcesBuildPhase section */

/* Begin PBXSourcesBuildPhase section */
		0DD294B92C554C1A0050926E /* Sources */ = {
			isa = PBXSourcesBuildPhase;
			buildActionMask = 2147483647;
			files = (
				0DD294E62C5638530050926E /* NestedTableViewCellWithCollection.swift in Sources */,
				0DD294C52C554C1A0050926E /* ViewController.swift in Sources */,
				0DD294E82C5799330050926E /* RoundedView.swift in Sources */,
				0DD294E32C55C5CF0050926E /* MyCollectionViewCell.swift in Sources */,
				0DD294C12C554C1A0050926E /* AppDelegate.swift in Sources */,
				0DD294E02C55B13B0050926E /* NestedTableViewCell.swift in Sources */,
				0DD294C32C554C1A0050926E /* SceneDelegate.swift in Sources */,
				0DD294DA2C55573E0050926E /* VideoModel.swift in Sources */,
				0DD294D82C5551A10050926E /* VideoManager.swift in Sources */,
			);
			runOnlyForDeploymentPostprocessing = 0;
		};
/* End PBXSourcesBuildPhase section */

/* Begin PBXVariantGroup section */
		0DD294C62C554C1A0050926E /* Main.storyboard */ = {
			isa = PBXVariantGroup;
			children = (
				0DD294C72C554C1A0050926E /* Base */,
			);
			name = Main.storyboard;
			sourceTree = "<group>";
		};
		0DD294CB2C554C1B0050926E /* LaunchScreen.storyboard */ = {
			isa = PBXVariantGroup;
			children = (
				0DD294CC2C554C1B0050926E /* Base */,
			);
			name = LaunchScreen.storyboard;
			sourceTree = "<group>";
		};
/* End PBXVariantGroup section */

/* Begin XCBuildConfiguration section */
		0DD294CF2C554C1B0050926E /* Debug */ = {
			isa = XCBuildConfiguration;
			buildSettings = {
				ALWAYS_SEARCH_USER_PATHS = NO;
				ASSETCATALOG_COMPILER_GENERATE_SWIFT_ASSET_SYMBOL_EXTENSIONS = YES;
				CLANG_ANALYZER_NONNULL = YES;
				CLANG_ANALYZER_NUMBER_OBJECT_CONVERSION = YES_AGGRESSIVE;
				CLANG_CXX_LANGUAGE_STANDARD = "gnu++20";
				CLANG_ENABLE_MODULES = YES;
				CLANG_ENABLE_OBJC_ARC = YES;
				CLANG_ENABLE_OBJC_WEAK = YES;
				CLANG_WARN_BLOCK_CAPTURE_AUTORELEASING = YES;
				CLANG_WARN_BOOL_CONVERSION = YES;
				CLANG_WARN_COMMA = YES;
				CLANG_WARN_CONSTANT_CONVERSION = YES;
				CLANG_WARN_DEPRECATED_OBJC_IMPLEMENTATIONS = YES;
				CLANG_WARN_DIRECT_OBJC_ISA_USAGE = YES_ERROR;
				CLANG_WARN_DOCUMENTATION_COMMENTS = YES;
				CLANG_WARN_EMPTY_BODY = YES;
				CLANG_WARN_ENUM_CONVERSION = YES;
				CLANG_WARN_INFINITE_RECURSION = YES;
				CLANG_WARN_INT_CONVERSION = YES;
				CLANG_WARN_NON_LITERAL_NULL_CONVERSION = YES;
				CLANG_WARN_OBJC_IMPLICIT_RETAIN_SELF = YES;
				CLANG_WARN_OBJC_LITERAL_CONVERSION = YES;
				CLANG_WARN_OBJC_ROOT_CLASS = YES_ERROR;
				CLANG_WARN_QUOTED_INCLUDE_IN_FRAMEWORK_HEADER = YES;
				CLANG_WARN_RANGE_LOOP_ANALYSIS = YES;
				CLANG_WARN_STRICT_PROTOTYPES = YES;
				CLANG_WARN_SUSPICIOUS_MOVE = YES;
				CLANG_WARN_UNGUARDED_AVAILABILITY = YES_AGGRESSIVE;
				CLANG_WARN_UNREACHABLE_CODE = YES;
				CLANG_WARN__DUPLICATE_METHOD_MATCH = YES;
				COPY_PHASE_STRIP = NO;
				DEBUG_INFORMATION_FORMAT = dwarf;
				ENABLE_STRICT_OBJC_MSGSEND = YES;
				ENABLE_TESTABILITY = YES;
				ENABLE_USER_SCRIPT_SANDBOXING = YES;
				GCC_C_LANGUAGE_STANDARD = gnu17;
				GCC_DYNAMIC_NO_PIC = NO;
				GCC_NO_COMMON_BLOCKS = YES;
				GCC_OPTIMIZATION_LEVEL = 0;
				GCC_PREPROCESSOR_DEFINITIONS = (
					"DEBUG=1",
					"$(inherited)",
				);
				GCC_WARN_64_TO_32_BIT_CONVERSION = YES;
				GCC_WARN_ABOUT_RETURN_TYPE = YES_ERROR;
				GCC_WARN_UNDECLARED_SELECTOR = YES;
				GCC_WARN_UNINITIALIZED_AUTOS = YES_AGGRESSIVE;
				GCC_WARN_UNUSED_FUNCTION = YES;
				GCC_WARN_UNUSED_VARIABLE = YES;
				IPHONEOS_DEPLOYMENT_TARGET = 17.2;
				LOCALIZATION_PREFERS_STRING_CATALOGS = YES;
				MTL_ENABLE_DEBUG_INFO = INCLUDE_SOURCE;
				MTL_FAST_MATH = YES;
				ONLY_ACTIVE_ARCH = YES;
				SDKROOT = iphoneos;
				SWIFT_ACTIVE_COMPILATION_CONDITIONS = "DEBUG $(inherited)";
				SWIFT_OPTIMIZATION_LEVEL = "-Onone";
			};
			name = Debug;
		};
		0DD294D02C554C1B0050926E /* Release */ = {
			isa = XCBuildConfiguration;
			buildSettings = {
				ALWAYS_SEARCH_USER_PATHS = NO;
				ASSETCATALOG_COMPILER_GENERATE_SWIFT_ASSET_SYMBOL_EXTENSIONS = YES;
				CLANG_ANALYZER_NONNULL = YES;
				CLANG_ANALYZER_NUMBER_OBJECT_CONVERSION = YES_AGGRESSIVE;
				CLANG_CXX_LANGUAGE_STANDARD = "gnu++20";
				CLANG_ENABLE_MODULES = YES;
				CLANG_ENABLE_OBJC_ARC = YES;
				CLANG_ENABLE_OBJC_WEAK = YES;
				CLANG_WARN_BLOCK_CAPTURE_AUTORELEASING = YES;
				CLANG_WARN_BOOL_CONVERSION = YES;
				CLANG_WARN_COMMA = YES;
				CLANG_WARN_CONSTANT_CONVERSION = YES;
				CLANG_WARN_DEPRECATED_OBJC_IMPLEMENTATIONS = YES;
				CLANG_WARN_DIRECT_OBJC_ISA_USAGE = YES_ERROR;
				CLANG_WARN_DOCUMENTATION_COMMENTS = YES;
				CLANG_WARN_EMPTY_BODY = YES;
				CLANG_WARN_ENUM_CONVERSION = YES;
				CLANG_WARN_INFINITE_RECURSION = YES;
				CLANG_WARN_INT_CONVERSION = YES;
				CLANG_WARN_NON_LITERAL_NULL_CONVERSION = YES;
				CLANG_WARN_OBJC_IMPLICIT_RETAIN_SELF = YES;
				CLANG_WARN_OBJC_LITERAL_CONVERSION = YES;
				CLANG_WARN_OBJC_ROOT_CLASS = YES_ERROR;
				CLANG_WARN_QUOTED_INCLUDE_IN_FRAMEWORK_HEADER = YES;
				CLANG_WARN_RANGE_LOOP_ANALYSIS = YES;
				CLANG_WARN_STRICT_PROTOTYPES = YES;
				CLANG_WARN_SUSPICIOUS_MOVE = YES;
				CLANG_WARN_UNGUARDED_AVAILABILITY = YES_AGGRESSIVE;
				CLANG_WARN_UNREACHABLE_CODE = YES;
				CLANG_WARN__DUPLICATE_METHOD_MATCH = YES;
				COPY_PHASE_STRIP = NO;
				DEBUG_INFORMATION_FORMAT = "dwarf-with-dsym";
				ENABLE_NS_ASSERTIONS = NO;
				ENABLE_STRICT_OBJC_MSGSEND = YES;
				ENABLE_USER_SCRIPT_SANDBOXING = YES;
				GCC_C_LANGUAGE_STANDARD = gnu17;
				GCC_NO_COMMON_BLOCKS = YES;
				GCC_WARN_64_TO_32_BIT_CONVERSION = YES;
				GCC_WARN_ABOUT_RETURN_TYPE = YES_ERROR;
				GCC_WARN_UNDECLARED_SELECTOR = YES;
				GCC_WARN_UNINITIALIZED_AUTOS = YES_AGGRESSIVE;
				GCC_WARN_UNUSED_FUNCTION = YES;
				GCC_WARN_UNUSED_VARIABLE = YES;
				IPHONEOS_DEPLOYMENT_TARGET = 17.2;
				LOCALIZATION_PREFERS_STRING_CATALOGS = YES;
				MTL_ENABLE_DEBUG_INFO = NO;
				MTL_FAST_MATH = YES;
				SDKROOT = iphoneos;
				SWIFT_COMPILATION_MODE = wholemodule;
				VALIDATE_PRODUCT = YES;
			};
			name = Release;
		};
		0DD294D22C554C1B0050926E /* Debug */ = {
			isa = XCBuildConfiguration;
			buildSettings = {
				ASSETCATALOG_COMPILER_APPICON_NAME = AppIcon;
				ASSETCATALOG_COMPILER_GLOBAL_ACCENT_COLOR_NAME = AccentColor;
				CODE_SIGN_STYLE = Automatic;
				CURRENT_PROJECT_VERSION = 1;
				GENERATE_INFOPLIST_FILE = YES;
				INFOPLIST_FILE = Qarva/Info.plist;
				INFOPLIST_KEY_UIApplicationSupportsIndirectInputEvents = YES;
				INFOPLIST_KEY_UILaunchStoryboardName = LaunchScreen;
				INFOPLIST_KEY_UIMainStoryboardFile = Main;
				INFOPLIST_KEY_UISupportedInterfaceOrientations_iPad = "UIInterfaceOrientationPortrait UIInterfaceOrientationPortraitUpsideDown UIInterfaceOrientationLandscapeLeft UIInterfaceOrientationLandscapeRight";
				INFOPLIST_KEY_UISupportedInterfaceOrientations_iPhone = "UIInterfaceOrientationPortrait UIInterfaceOrientationLandscapeLeft UIInterfaceOrientationLandscapeRight";
				LD_RUNPATH_SEARCH_PATHS = (
					"$(inherited)",
					"@executable_path/Frameworks",
				);
				MARKETING_VERSION = 1.0;
				PRODUCT_BUNDLE_IDENTIFIER = ProjectForQarva.Qarva;
				PRODUCT_NAME = "$(TARGET_NAME)";
				SWIFT_EMIT_LOC_STRINGS = YES;
				SWIFT_VERSION = 5.0;
				TARGETED_DEVICE_FAMILY = "1,2";
			};
			name = Debug;
		};
		0DD294D32C554C1B0050926E /* Release */ = {
			isa = XCBuildConfiguration;
			buildSettings = {
				ASSETCATALOG_COMPILER_APPICON_NAME = AppIcon;
				ASSETCATALOG_COMPILER_GLOBAL_ACCENT_COLOR_NAME = AccentColor;
				CODE_SIGN_STYLE = Automatic;
				CURRENT_PROJECT_VERSION = 1;
				GENERATE_INFOPLIST_FILE = YES;
				INFOPLIST_FILE = Qarva/Info.plist;
				INFOPLIST_KEY_UIApplicationSupportsIndirectInputEvents = YES;
				INFOPLIST_KEY_UILaunchStoryboardName = LaunchScreen;
				INFOPLIST_KEY_UIMainStoryboardFile = Main;
				INFOPLIST_KEY_UISupportedInterfaceOrientations_iPad = "UIInterfaceOrientationPortrait UIInterfaceOrientationPortraitUpsideDown UIInterfaceOrientationLandscapeLeft UIInterfaceOrientationLandscapeRight";
				INFOPLIST_KEY_UISupportedInterfaceOrientations_iPhone = "UIInterfaceOrientationPortrait UIInterfaceOrientationLandscapeLeft UIInterfaceOrientationLandscapeRight";
				LD_RUNPATH_SEARCH_PATHS = (
					"$(inherited)",
					"@executable_path/Frameworks",
				);
				MARKETING_VERSION = 1.0;
				PRODUCT_BUNDLE_IDENTIFIER = ProjectForQarva.Qarva;
				PRODUCT_NAME = "$(TARGET_NAME)";
				SWIFT_EMIT_LOC_STRINGS = YES;
				SWIFT_VERSION = 5.0;
				TARGETED_DEVICE_FAMILY = "1,2";
			};
			name = Release;
		};
/* End XCBuildConfiguration section */

/* Begin XCConfigurationList section */
		0DD294B82C554C1A0050926E /* Build configuration list for PBXProject "Qarva" */ = {
			isa = XCConfigurationList;
			buildConfigurations = (
				0DD294CF2C554C1B0050926E /* Debug */,
				0DD294D02C554C1B0050926E /* Release */,
			);
			defaultConfigurationIsVisible = 0;
			defaultConfigurationName = Release;
		};
		0DD294D12C554C1B0050926E /* Build configuration list for PBXNativeTarget "Qarva" */ = {
			isa = XCConfigurationList;
			buildConfigurations = (
				0DD294D22C554C1B0050926E /* Debug */,
				0DD294D32C554C1B0050926E /* Release */,
			);
			defaultConfigurationIsVisible = 0;
			defaultConfigurationName = Release;
		};
/* End XCConfigurationList section */
	};
	rootObject = 0DD294B52C554C1A0050926E /* Project object */;
}
